
Microsoft Visual Studio Solution File, Format Version 12.00
# Visual Studio Version 16
VisualStudioVersion = 16.0.31424.327
MinimumVisualStudioVersion = 10.0.40219.1
Project("{2150E333-8FDC-42A3-9474-1A3956D46DE8}") = "Churras", "Churras", "{D9BB6473-6A90-4D3F-8848-B8404A8C0489}"
EndProject
Project("{2150E333-8FDC-42A3-9474-1A3956D46DE8}") = "Kernel", "Kernel", "{24F0E70D-29E0-4EB4-BBF8-0103B0462AD1}"
EndProject
Project("{FAE04EC0-301F-11D3-BF4B-00C04F79EFBC}") = "Empresa.Churras.Domain", "Empresa.Churras.Domain\Empresa.Churras.Domain.csproj", "{A4F0C23C-7013-4C25-9E76-62D49D68A5FE}"
EndProject
Project("{FAE04EC0-301F-11D3-BF4B-00C04F79EFBC}") = "Empresa.Churras.Domain.Model", "Empresa.Churras.Domain.Model\Empresa.Churras.Domain.Model.csproj", "{A2349ECF-5A1C-4D22-B0C0-542FB52AD04B}"
EndProject
Project("{FAE04EC0-301F-11D3-BF4B-00C04F79EFBC}") = "Empresa.Churras.Infra", "Empresa.Churras.Infra\Empresa.Churras.Infra.csproj", "{6AB82F4F-E19C-4648-B948-4AED8AC32DD6}"
EndProject
Project("{FAE04EC0-301F-11D3-BF4B-00C04F79EFBC}") = "Empresa.Churras.Tests", "Empresa.Churras.Tests\Empresa.Churras.Tests.csproj", "{A7712692-D3F7-4BB9-A73C-CD3A5058AA98}"
EndProject
Project("{FAE04EC0-301F-11D3-BF4B-00C04F79EFBC}") = "Empresa.Churras.Api", "Empresa.Churras.Api\Empresa.Churras.Api.csproj", "{4F441491-1F27-4432-ABBD-3D291B8CE962}"
EndProject
Project("{FAE04EC0-301F-11D3-BF4B-00C04F79EFBC}") = "Empresa.Churras.Front", "Empresa.Churras.Front\Empresa.Churras.Front.csproj", "{B28CC8F7-352B-4BC3-BBA1-1EF4B7C2E7AA}"
EndProject
Global
	GlobalSection(SolutionConfigurationPlatforms) = preSolution
		Debug|Any CPU = Debug|Any CPU
		Release|Any CPU = Release|Any CPU
	EndGlobalSection
	GlobalSection(ProjectConfigurationPlatforms) = postSolution
		{A4F0C23C-7013-4C25-9E76-62D49D68A5FE}.Debug|Any CPU.ActiveCfg = Debug|Any CPU
		{A4F0C23C-7013-4C25-9E76-62D49D68A5FE}.Debug|Any CPU.Build.0 = Debug|Any CPU
		{A4F0C23C-7013-4C25-9E76-62D49D68A5FE}.Release|Any CPU.ActiveCfg = Release|Any CPU
		{A4F0C23C-7013-4C25-9E76-62D49D68A5FE}.Release|Any CPU.Build.0 = Release|Any CPU
		{A2349ECF-5A1C-4D22-B0C0-542FB52AD04B}.Debug|Any CPU.ActiveCfg = Debug|Any CPU
		{A2349ECF-5A1C-4D22-B0C0-542FB52AD04B}.Debug|Any CPU.Build.0 = Debug|Any CPU
		{A2349ECF-5A1C-4D22-B0C0-542FB52AD04B}.Release|Any CPU.ActiveCfg = Release|Any CPU
		{A2349ECF-5A1C-4D22-B0C0-542FB52AD04B}.Release|Any CPU.Build.0 = Release|Any CPU
		{6AB82F4F-E19C-4648-B948-4AED8AC32DD6}.Debug|Any CPU.ActiveCfg = Debug|Any CPU
		{6AB82F4F-E19C-4648-B948-4AED8AC32DD6}.Debug|Any CPU.Build.0 = Debug|Any CPU
		{6AB82F4F-E19C-4648-B948-4AED8AC32DD6}.Release|Any CPU.ActiveCfg = Release|Any CPU
		{6AB82F4F-E19C-4648-B948-4AED8AC32DD6}.Release|Any CPU.Build.0 = Release|Any CPU
		{A7712692-D3F7-4BB9-A73C-CD3A5058AA98}.Debug|Any CPU.ActiveCfg = Debug|Any CPU
		{A7712692-D3F7-4BB9-A73C-CD3A5058AA98}.Debug|Any CPU.Build.0 = Debug|Any CPU
		{A7712692-D3F7-4BB9-A73C-CD3A5058AA98}.Release|Any CPU.ActiveCfg = Release|Any CPU
		{A7712692-D3F7-4BB9-A73C-CD3A5058AA98}.Release|Any CPU.Build.0 = Release|Any CPU
		{4F441491-1F27-4432-ABBD-3D291B8CE962}.Debug|Any CPU.ActiveCfg = Debug|Any CPU
		{4F441491-1F27-4432-ABBD-3D291B8CE962}.Debug|Any CPU.Build.0 = Debug|Any CPU
		{4F441491-1F27-4432-ABBD-3D291B8CE962}.Release|Any CPU.ActiveCfg = Release|Any CPU
		{4F441491-1F27-4432-ABBD-3D291B8CE962}.Release|Any CPU.Build.0 = Release|Any CPU
		{B28CC8F7-352B-4BC3-BBA1-1EF4B7C2E7AA}.Debug|Any CPU.ActiveCfg = Debug|Any CPU
		{B28CC8F7-352B-4BC3-BBA1-1EF4B7C2E7AA}.Debug|Any CPU.Build.0 = Debug|Any CPU
		{B28CC8F7-352B-4BC3-BBA1-1EF4B7C2E7AA}.Release|Any CPU.ActiveCfg = Release|Any CPU
		{B28CC8F7-352B-4BC3-BBA1-1EF4B7C2E7AA}.Release|Any CPU.Build.0 = Release|Any CPU
	EndGlobalSection
	GlobalSection(SolutionProperties) = preSolution
		HideSolutionNode = FALSE
	EndGlobalSection
	GlobalSection(NestedProjects) = preSolution
		{A4F0C23C-7013-4C25-9E76-62D49D68A5FE} = {D9BB6473-6A90-4D3F-8848-B8404A8C0489}
		{A2349ECF-5A1C-4D22-B0C0-542FB52AD04B} = {D9BB6473-6A90-4D3F-8848-B8404A8C0489}
		{6AB82F4F-E19C-4648-B948-4AED8AC32DD6} = {D9BB6473-6A90-4D3F-8848-B8404A8C0489}
		{A7712692-D3F7-4BB9-A73C-CD3A5058AA98} = {D9BB6473-6A90-4D3F-8848-B8404A8C0489}
		{4F441491-1F27-4432-ABBD-3D291B8CE962} = {D9BB6473-6A90-4D3F-8848-B8404A8C0489}
		{B28CC8F7-352B-4BC3-BBA1-1EF4B7C2E7AA} = {D9BB6473-6A90-4D3F-8848-B8404A8C0489}
	EndGlobalSection
	GlobalSection(ExtensibilityGlobals) = postSolution
		SolutionGuid = {8625F5C3-BCD1-4D7A-AFC4-92B2B920BA82}
	EndGlobalSection
EndGlobal
